
Microsoft Visual Studio Solution File, Format Version 12.00
# Visual Studio Version 17
VisualStudioVersion = 17.0.32014.148
MinimumVisualStudioVersion = 10.0.40219.1
Project("{FAE04EC0-301F-11D3-BF4B-00C04F79EFBC}") = "VideoMixerDemo", "VideoMixerDemo\VideoMixerDemo.csproj", "{58F42E90-3933-4E0D-A478-1A93637F23D5}"
EndProject
Project("{FAE04EC0-301F-11D3-BF4B-00C04F79EFBC}") = "VideoEffectsDemo", "VideoEffects\VideoEffectsDemo.csproj", "{72F756A9-76C7-4D04-ABA2-7AB938B78BA2}"
EndProject
Global
	GlobalSection(SolutionConfigurationPlatforms) = preSolution
		Debug|Any CPU = Debug|Any CPU
		Release|Any CPU = Release|Any CPU
	EndGlobalSection
	GlobalSection(ProjectConfigurationPlatforms) = postSolution
		{58F42E90-3933-4E0D-A478-1A93637F23D5}.Debug|Any CPU.ActiveCfg = Debug|Any CPU
		{58F42E90-3933-4E0D-A478-1A93637F23D5}.Debug|Any CPU.Build.0 = Debug|Any CPU
		{58F42E90-3933-4E0D-A478-1A93637F23D5}.Release|Any CPU.ActiveCfg = Release|Any CPU
		{58F42E90-3933-4E0D-A478-1A93637F23D5}.Release|Any CPU.Build.0 = Release|Any CPU
		{72F756A9-76C7-4D04-ABA2-7AB938B78BA2}.Debug|Any CPU.ActiveCfg = Debug|Any CPU
		{72F756A9-76C7-4D04-ABA2-7AB938B78BA2}.Debug|Any CPU.Build.0 = Debug|Any CPU
		{72F756A9-76C7-4D04-ABA2-7AB938B78BA2}.Release|Any CPU.ActiveCfg = Release|Any CPU
		{72F756A9-76C7-4D04-ABA2-7AB938B78BA2}.Release|Any CPU.Build.0 = Release|Any CPU
	EndGlobalSection
	GlobalSection(SolutionProperties) = preSolution
		HideSolutionNode = FALSE
	EndGlobalSection
	GlobalSection(ExtensibilityGlobals) = postSolution
		SolutionGuid = {DB7ACE3C-9DDD-4886-A070-E0E77046DB17}
	EndGlobalSection
EndGlobal
