
Microsoft Visual Studio Solution File, Format Version 12.00
# Visual Studio Version 17
VisualStudioVersion = 17.14.36518.9 d17.14
MinimumVisualStudioVersion = 10.0.40219.1
Project("{FAE04EC0-301F-11D3-BF4B-00C04F79EFBC}") = "Encryption Demo", "Encryption Demo\Encryption Demo.csproj", "{5FCCBCBF-1091-4A3F-B9BC-66AE9F805088}"
EndProject
Project("{FAE04EC0-301F-11D3-BF4B-00C04F79EFBC}") = "Player Demo", "Player Demo\Player Demo.csproj", "{C093ECCD-E545-4B37-9A19-A652AAA9D5EF}"
EndProject
Global
	GlobalSection(SolutionConfigurationPlatforms) = preSolution
		Debug|Any CPU = Debug|Any CPU
		Release|Any CPU = Release|Any CPU
	EndGlobalSection
	GlobalSection(ProjectConfigurationPlatforms) = postSolution
		{5FCCBCBF-1091-4A3F-B9BC-66AE9F805088}.Debug|Any CPU.ActiveCfg = Debug|Any CPU
		{5FCCBCBF-1091-4A3F-B9BC-66AE9F805088}.Debug|Any CPU.Build.0 = Debug|Any CPU
		{5FCCBCBF-1091-4A3F-B9BC-66AE9F805088}.Release|Any CPU.ActiveCfg = Release|Any CPU
		{5FCCBCBF-1091-4A3F-B9BC-66AE9F805088}.Release|Any CPU.Build.0 = Release|Any CPU
		{C093ECCD-E545-4B37-9A19-A652AAA9D5EF}.Debug|Any CPU.ActiveCfg = Debug|Any CPU
		{C093ECCD-E545-4B37-9A19-A652AAA9D5EF}.Debug|Any CPU.Build.0 = Debug|Any CPU
		{C093ECCD-E545-4B37-9A19-A652AAA9D5EF}.Release|Any CPU.ActiveCfg = Release|Any CPU
		{C093ECCD-E545-4B37-9A19-A652AAA9D5EF}.Release|Any CPU.Build.0 = Release|Any CPU
	EndGlobalSection
	GlobalSection(SolutionProperties) = preSolution
		HideSolutionNode = FALSE
	EndGlobalSection
	GlobalSection(ExtensibilityGlobals) = postSolution
		SolutionGuid = {FAFE8281-FDFC-44A7-9F28-0B7583E74C00}
	EndGlobalSection
EndGlobal
