
Microsoft Visual Studio Solution File, Format Version 12.00
# Visual Studio Version 16
VisualStudioVersion = 16.0.30804.86
MinimumVisualStudioVersion = 10.0.40219.1
Project("{9A19103F-16F7-4668-BE54-9A1E7A4F7556}") = "FFMPEG Source Demo", "FFMPEG Source Demo.csproj", "{D8EC08B2-3FA2-420A-8677-CCB3286A60B9}"
EndProject
Global
	GlobalSection(SolutionConfigurationPlatforms) = preSolution
		Debug|Any CPU = Debug|Any CPU
		Release|Any CPU = Release|Any CPU
	EndGlobalSection
	GlobalSection(ProjectConfigurationPlatforms) = postSolution
		{D8EC08B2-3FA2-420A-8677-CCB3286A60B9}.Debug|Any CPU.ActiveCfg = Debug|Any CPU
		{D8EC08B2-3FA2-420A-8677-CCB3286A60B9}.Debug|Any CPU.Build.0 = Debug|Any CPU
		{D8EC08B2-3FA2-420A-8677-CCB3286A60B9}.Release|Any CPU.ActiveCfg = Release|Any CPU
		{D8EC08B2-3FA2-420A-8677-CCB3286A60B9}.Release|Any CPU.Build.0 = Release|Any CPU
	EndGlobalSection
	GlobalSection(SolutionProperties) = preSolution
		HideSolutionNode = FALSE
	EndGlobalSection
	GlobalSection(ExtensibilityGlobals) = postSolution
		SolutionGuid = {8B6BA625-0F23-412E-9BFE-24CD2E8BA052}
	EndGlobalSection
EndGlobal
